
Microsoft Visual Studio Solution File, Format Version 12.00
# Visual Studio Version 17
VisualStudioVersion = 17.5.33414.496
MinimumVisualStudioVersion = 10.0.40219.1
Project("{FAE04EC0-301F-11D3-BF4B-00C04F79EFBC}") = "MrSmartRewriteV2", "MrSmartRewriteV2\MrSmartRewriteV2.csproj", "{1958B74F-41A3-493C-979A-AA654104D181}"
EndProject
Global
	GlobalSection(SolutionConfigurationPlatforms) = preSolution
		Debug|Any CPU = Debug|Any CPU
		Release|Any CPU = Release|Any CPU
	EndGlobalSection
	GlobalSection(ProjectConfigurationPlatforms) = postSolution
		{1958B74F-41A3-493C-979A-AA654104D181}.Debug|Any CPU.ActiveCfg = Debug|Any CPU
		{1958B74F-41A3-493C-979A-AA654104D181}.Debug|Any CPU.Build.0 = Debug|Any CPU
		{1958B74F-41A3-493C-979A-AA654104D181}.Release|Any CPU.ActiveCfg = Release|Any CPU
		{1958B74F-41A3-493C-979A-AA654104D181}.Release|Any CPU.Build.0 = Release|Any CPU
	EndGlobalSection
	GlobalSection(SolutionProperties) = preSolution
		HideSolutionNode = FALSE
	EndGlobalSection
	GlobalSection(ExtensibilityGlobals) = postSolution
		SolutionGuid = {54D73321-FB48-4085-BB20-62B1113D85A4}
	EndGlobalSection
EndGlobal
